
Microsoft Visual Studio Solution File, Format Version 12.00
# Visual Studio Version 16
VisualStudioVersion = 16.0.29613.14
MinimumVisualStudioVersion = 10.0.40219.1
Project("{00D1A9C2-B5F0-4AF3-8072-F6C62B433612}") = "lab_04", "lab_04.sqlproj", "{BA7FE6D7-D2D3-477D-A378-8F9C318A3A28}"
EndProject
Global
	GlobalSection(SolutionConfigurationPlatforms) = preSolution
		Debug|Any CPU = Debug|Any CPU
		Release|Any CPU = Release|Any CPU
	EndGlobalSection
	GlobalSection(ProjectConfigurationPlatforms) = postSolution
		{BA7FE6D7-D2D3-477D-A378-8F9C318A3A28}.Debug|Any CPU.ActiveCfg = Debug|Any CPU
		{BA7FE6D7-D2D3-477D-A378-8F9C318A3A28}.Debug|Any CPU.Build.0 = Debug|Any CPU
		{BA7FE6D7-D2D3-477D-A378-8F9C318A3A28}.Debug|Any CPU.Deploy.0 = Debug|Any CPU
		{BA7FE6D7-D2D3-477D-A378-8F9C318A3A28}.Release|Any CPU.ActiveCfg = Release|Any CPU
		{BA7FE6D7-D2D3-477D-A378-8F9C318A3A28}.Release|Any CPU.Build.0 = Release|Any CPU
		{BA7FE6D7-D2D3-477D-A378-8F9C318A3A28}.Release|Any CPU.Deploy.0 = Release|Any CPU
	EndGlobalSection
	GlobalSection(SolutionProperties) = preSolution
		HideSolutionNode = FALSE
	EndGlobalSection
	GlobalSection(ExtensibilityGlobals) = postSolution
		SolutionGuid = {DF8181E2-1CF9-468F-8F7E-162C8986860E}
	EndGlobalSection
EndGlobal
